
Microsoft Visual Studio Solution File, Format Version 12.00
# Visual Studio 2012
Project("{FAE04EC0-301F-11D3-BF4B-00C04F79EFBC}") = "BasicMVC-ScottCate", "BasicMVC-ScottCate\BasicMVC-ScottCate.csproj", "{FB462A6F-321D-487D-951D-1CFE5A523BF9}"
EndProject
Global
	GlobalSection(SolutionConfigurationPlatforms) = preSolution
		Debug|Any CPU = Debug|Any CPU
		Release|Any CPU = Release|Any CPU
	EndGlobalSection
	GlobalSection(ProjectConfigurationPlatforms) = postSolution
		{FB462A6F-321D-487D-951D-1CFE5A523BF9}.Debug|Any CPU.ActiveCfg = Debug|Any CPU
		{FB462A6F-321D-487D-951D-1CFE5A523BF9}.Debug|Any CPU.Build.0 = Debug|Any CPU
		{FB462A6F-321D-487D-951D-1CFE5A523BF9}.Release|Any CPU.ActiveCfg = Release|Any CPU
		{FB462A6F-321D-487D-951D-1CFE5A523BF9}.Release|Any CPU.Build.0 = Release|Any CPU
	EndGlobalSection
	GlobalSection(SolutionProperties) = preSolution
		HideSolutionNode = FALSE
	EndGlobalSection
EndGlobal
